{
  "nodes": {
    "catppuccin": {
      "inputs": {
        "nixpkgs": "nixpkgs"
      },
      "locked": {
        "lastModified": 1764885363,
        "narHash": "sha256-P6UHmw6enwxmP5wP4Lv722+tgpq1PFDAPAdtj7l/16U=",
        "owner": "catppuccin",
        "repo": "nix",
        "rev": "95042630028d613080393e0f03c694b77883c7db",
        "type": "github"
      },
      "original": {
        "owner": "catppuccin",
        "repo": "nix",
        "type": "github"
      }
    },
    "flake-parts": {
      "inputs": {
        "nixpkgs-lib": [
          "neovim-nightly-overlay",
          "nixpkgs"
        ]
      },
      "locked": {
        "lastModified": 1763759067,
        "narHash": "sha256-LlLt2Jo/gMNYAwOgdRQBrsRoOz7BPRkzvNaI/fzXi2Q=",
        "owner": "hercules-ci",
        "repo": "flake-parts",
        "rev": "2cccadc7357c0ba201788ae99c4dfa90728ef5e0",
        "type": "github"
      },
      "original": {
        "owner": "hercules-ci",
        "repo": "flake-parts",
        "type": "github"
      }
    },
    "home-manager": {
      "inputs": {
        "nixpkgs": [
          "nixpkgs"
        ]
      },
      "locked": {
        "lastModified": 1765170903,
        "narHash": "sha256-O8VTGey1xxiRW+Fpb+Ps9zU7ShmxUA1a7cMTcENCVNg=",
        "owner": "nix-community",
        "repo": "home-manager",
        "rev": "20561be440a11ec57a89715480717baf19fe6343",
        "type": "github"
      },
      "original": {
        "owner": "nix-community",
        "ref": "release-25.11",
        "repo": "home-manager",
        "type": "github"
      }
    },
    "home-manager-unstable": {
      "inputs": {
        "nixpkgs": [
          "nixpkgs-unstable"
        ]
      },
      "locked": {
        "lastModified": 1765217760,
        "narHash": "sha256-BVVyAodLcAD8KOtR3yCStBHSE0WAH/xQWH9f0qsxbmk=",
        "owner": "nix-community",
        "repo": "home-manager",
        "rev": "e5b1f87841810fc24772bf4389f9793702000c9b",
        "type": "github"
      },
      "original": {
        "owner": "nix-community",
        "repo": "home-manager",
        "type": "github"
      }
    },
    "mysecrets": {
      "flake": false,
      "locked": {
        "lastModified": 1762909106,
        "narHash": "sha256-e6LoPAdz6UNXWWLWELr00FBOTbtRDAyveo0lxtLCkG8=",
        "ref": "refs/heads/main",
        "rev": "b174490540342d2a7f635a49be2925ccafd9e0a6",
        "revCount": 5,
        "type": "git",
        "url": "file:/home/craig/private/secrets"
      },
      "original": {
        "type": "git",
        "url": "file:/home/craig/private/secrets"
      }
    },
    "neovim-nightly-overlay": {
      "inputs": {
        "flake-parts": "flake-parts",
        "neovim-src": "neovim-src",
        "nixpkgs": [
          "nixpkgs-unstable"
        ]
      },
      "locked": {
        "lastModified": 1765325056,
        "narHash": "sha256-CyJhdoAyToF6Uv3oGicXloHoQjcq7b56i42AepBSEJ0=",
        "owner": "nix-community",
        "repo": "neovim-nightly-overlay",
        "rev": "ac9bde3d5fcec88383a16a63dc1bdb1702f7233e",
        "type": "github"
      },
      "original": {
        "owner": "nix-community",
        "repo": "neovim-nightly-overlay",
        "type": "github"
      }
    },
    "neovim-src": {
      "flake": false,
      "locked": {
        "lastModified": 1765306746,
        "narHash": "sha256-xOCKI2adwCfZmhnKoA+tUIOXRu+g5S02erNVP7X47J0=",
        "owner": "neovim",
        "repo": "neovim",
        "rev": "bc0635a9fc9c15a2423d4eb35f627d127d00fa46",
        "type": "github"
      },
      "original": {
        "owner": "neovim",
        "repo": "neovim",
        "type": "github"
      }
    },
    "nix-flatpak": {
      "locked": {
        "lastModified": 1754777568,
        "narHash": "sha256-0bBqT+3XncgF8F03RFAamw9vdf0VmaDoIJLTGkjfQZs=",
        "owner": "gmodena",
        "repo": "nix-flatpak",
        "rev": "62f636b87ef6050760a8cb325cadb90674d1e23e",
        "type": "github"
      },
      "original": {
        "owner": "gmodena",
        "repo": "nix-flatpak",
        "type": "github"
      }
    },
    "nixpkgs": {
      "locked": {
        "lastModified": 1763966396,
        "narHash": "sha256-6eeL1YPcY1MV3DDStIDIdy/zZCDKgHdkCmsrLJFiZf0=",
        "owner": "NixOS",
        "repo": "nixpkgs",
        "rev": "5ae3b07d8d6527c42f17c876e404993199144b6a",
        "type": "github"
      },
      "original": {
        "owner": "NixOS",
        "ref": "nixos-unstable",
        "repo": "nixpkgs",
        "type": "github"
      }
    },
    "nixpkgs-unstable": {
      "locked": {
        "lastModified": 1765186076,
        "narHash": "sha256-hM20uyap1a0M9d344I692r+ik4gTMyj60cQWO+hAYP8=",
        "owner": "NixOS",
        "repo": "nixpkgs",
        "rev": "addf7cf5f383a3101ecfba091b98d0a1263dc9b8",
        "type": "github"
      },
      "original": {
        "owner": "NixOS",
        "ref": "nixos-unstable",
        "repo": "nixpkgs",
        "type": "github"
      }
    },
    "nixpkgs_2": {
      "locked": {
        "lastModified": 1764983851,
        "narHash": "sha256-y7RPKl/jJ/KAP/VKLMghMgXTlvNIJMHKskl8/Uuar7o=",
        "owner": "NixOS",
        "repo": "nixpkgs",
        "rev": "d9bc5c7dceb30d8d6fafa10aeb6aa8a48c218454",
        "type": "github"
      },
      "original": {
        "owner": "NixOS",
        "ref": "nixos-25.11",
        "repo": "nixpkgs",
        "type": "github"
      }
    },
    "qtile-flake": {
      "inputs": {
        "nixpkgs": [
          "nixpkgs-unstable"
        ]
      },
      "locked": {
        "lastModified": 1765250991,
        "narHash": "sha256-7yFSLuMvC9Bool1+mNBo45n0vCjU+wxComERrM0yDow=",
        "owner": "qtile",
        "repo": "qtile",
        "rev": "6a8a263c6fc326484edf0142242ef06f4c5df7a2",
        "type": "github"
      },
      "original": {
        "owner": "qtile",
        "repo": "qtile",
        "type": "github"
      }
    },
    "quadlet-nix": {
      "locked": {
        "lastModified": 1763141753,
        "narHash": "sha256-XAHkOkLEWbRQZ6t/SowwOukrUfIneNQOC/UEQlTaPBU=",
        "owner": "SEIAROTg",
        "repo": "quadlet-nix",
        "rev": "211b5c626cf9ea91403b510e2ac5ca03a7194566",
        "type": "github"
      },
      "original": {
        "owner": "SEIAROTg",
        "repo": "quadlet-nix",
        "type": "github"
      }
    },
    "root": {
      "inputs": {
        "catppuccin": "catppuccin",
        "home-manager": "home-manager",
        "home-manager-unstable": "home-manager-unstable",
        "mysecrets": "mysecrets",
        "neovim-nightly-overlay": "neovim-nightly-overlay",
        "nix-flatpak": "nix-flatpak",
        "nixpkgs": "nixpkgs_2",
        "nixpkgs-unstable": "nixpkgs-unstable",
        "qtile-flake": "qtile-flake",
        "quadlet-nix": "quadlet-nix",
        "sops-nix": "sops-nix"
      }
    },
    "sops-nix": {
      "inputs": {
        "nixpkgs": [
          "nixpkgs"
        ]
      },
      "locked": {
        "lastModified": 1765231718,
        "narHash": "sha256-qdBzo6puTgG4G2RHG0PkADg22ZnQo1JmSVFRxrD4QM4=",
        "owner": "Mic92",
        "repo": "sops-nix",
        "rev": "7fd1416aba1865eddcdec5bb11339b7222c2363e",
        "type": "github"
      },
      "original": {
        "owner": "Mic92",
        "repo": "sops-nix",
        "type": "github"
      }
    }
  },
  "root": "root",
  "version": 7
}
